<?xml version="1.0" encoding="utf-8"?>
<Project ToolsVersion="4.0" xmlns="http://schemas.microsoft.com/developer/msbuild/2003">
  <ItemGroup>
    <Filter Include="Source Files">
      <UniqueIdentifier>{4FC737F1-C7A5-4376-A066-2A32D752A2FF}</UniqueIdentifier>
      <Extensions>cpp;c;cc;cxx;c++;cppm;ixx;def;odl;idl;hpj;bat;asm;asmx</Extensions>
    </Filter>
    <Filter Include="Header Files">
      <UniqueIdentifier>{93995380-89BD-4b04-88EB-625FBE52EBFB}</UniqueIdentifier>
      <Extensions>h;hh;hpp;hxx;h++;hm;inl;inc;ipp;xsd</Extensions>
    </Filter>
    <Filter Include="Materials">
      <UniqueIdentifier>{5f72f359-735a-4e7e-a51e-fc146ee84007}</UniqueIdentifier>
    </Filter>
    <Filter Include="Scenes">
      <UniqueIdentifier>{991f4feb-6e2d-4772-bc20-0681f6f2189f}</UniqueIdentifier>
    </Filter>
    <Filter Include="Shaders">
      <UniqueIdentifier>{67DA6AB6-F800-4c08-8B7A-83BB121AAD01}</UniqueIdentifier>
      <Extensions>rc;ico;cur;bmp;dlg;rc2;rct;bin;rgs;gif;jpg;jpeg;jpe;resx;tiff;tif;png;wav;mfcribbon-ms</Extensions>
    </Filter>
    <Filter Include="Shaders\Lit">
      <UniqueIdentifier>{1b6f84a0-b37b-4602-83ae-6224e8456abb}</UniqueIdentifier>
    </Filter>
    <Filter Include="Shaders\unlit">
      <UniqueIdentifier>{9540480c-06de-4417-8fde-0634d5c8c704}</UniqueIdentifier>
    </Filter>
    <Filter Include="Shaders\fx">
      <UniqueIdentifier>{901b1ed4-ff6a-4193-966d-e6bd6071c40f}</UniqueIdentifier>
    </Filter>
  </ItemGroup>
  <ItemGroup>
    <ClCompile Include="Main.cpp">
      <Filter>Source Files</Filter>
    </ClCompile>
  </ItemGroup>
  <ItemGroup>
    <None Include="..\Build\Assets\Shaders\basic.frag">
      <Filter>Shaders</Filter>
    </None>
    <None Include="..\Build\Assets\Shaders\basic.vert">
      <Filter>Shaders</Filter>
    </None>
    <None Include="..\Build\Assets\Shaders\basic.prog">
      <Filter>Shaders</Filter>
    </None>
    <None Include="..\Build\Assets\Materials\ogre.mtrl">
      <Filter>Materials</Filter>
    </None>
    <None Include="..\Build\Assets\Materials\box.mtrl">
      <Filter>Materials</Filter>
    </None>
    <None Include="..\Build\Assets\Scenes\basic.scn">
      <Filter>Scenes</Filter>
    </None>
    <None Include="..\Build\Assets\Scenes\basicLit.scn">
      <Filter>Scenes</Filter>
    </None>
    <None Include="..\Build\Assets\Shaders\basic_phong.frag">
      <Filter>Shaders</Filter>
    </None>
    <None Include="..\Build\Assets\Shaders\basic_phong.prog">
      <Filter>Shaders</Filter>
    </None>
    <None Include="..\Build\Assets\Shaders\basic_phong.vert">
      <Filter>Shaders</Filter>
    </None>
    <None Include="..\Build\Assets\Scenes\texture.scn">
      <Filter>Scenes</Filter>
    </None>
    <None Include="..\Build\Assets\Materials\multi.mtrl">
      <Filter>Materials</Filter>
    </None>
    <None Include="..\Build\Assets\Shaders\Lit\texture.frag">
      <Filter>Shaders\Lit</Filter>
    </None>
    <None Include="..\Build\Assets\Shaders\Lit\texture.prog">
      <Filter>Shaders\Lit</Filter>
    </None>
    <None Include="..\Build\Assets\Shaders\Lit\texture.vert">
      <Filter>Shaders\Lit</Filter>
    </None>
    <None Include="..\Build\Assets\Shaders\Lit\texture_normal.frag">
      <Filter>Shaders\Lit</Filter>
    </None>
    <None Include="..\Build\Assets\Shaders\Lit\texture_normal.prog">
      <Filter>Shaders\Lit</Filter>
    </None>
    <None Include="..\Build\Assets\Shaders\Lit\texture_normal.vert">
      <Filter>Shaders\Lit</Filter>
    </None>
    <None Include="..\Build\Assets\Shaders\unlit\color.frag">
      <Filter>Shaders\unlit</Filter>
    </None>
    <None Include="..\Build\Assets\Shaders\unlit\color.prog">
      <Filter>Shaders\unlit</Filter>
    </None>
    <None Include="..\Build\Assets\Shaders\unlit\color.vert">
      <Filter>Shaders\unlit</Filter>
    </None>
    <None Include="..\Build\Assets\Shaders\unlit\texture.frag">
      <Filter>Shaders\unlit</Filter>
    </None>
    <None Include="..\Build\Assets\Shaders\unlit\texture.prog">
      <Filter>Shaders\unlit</Filter>
    </None>
    <None Include="..\Build\Assets\Shaders\unlit\texture.vert">
      <Filter>Shaders\unlit</Filter>
    </None>
    <None Include="..\Build\Assets\Shaders\fx\toon.frag">
      <Filter>Shaders\fx</Filter>
    </None>
    <None Include="..\Build\Assets\Shaders\fx\toon.prog">
      <Filter>Shaders\fx</Filter>
    </None>
    <None Include="..\Build\Assets\Shaders\fx\toon.vert">
      <Filter>Shaders\fx</Filter>
    </None>
    <None Include="..\Build\Assets\Materials\squirrel.mtrl">
      <Filter>Materials</Filter>
    </None>
    <None Include="..\Build\Assets\Shaders\lit\texture_diffuse_emissive_specular.frag">
      <Filter>Shaders\Lit</Filter>
    </None>
    <None Include="..\Build\Assets\Shaders\lit\texture_diffuse_emissive_specular.prog">
      <Filter>Shaders\Lit</Filter>
    </None>
    <None Include="..\Build\Assets\Shaders\lit\texture_diffuse_emissive_specular.vert">
      <Filter>Shaders\Lit</Filter>
    </None>
  </ItemGroup>
</Project>